
Microsoft Visual Studio Solution File, Format Version 12.00
# Visual Studio 15
VisualStudioVersion = 15.0.26124.0
MinimumVisualStudioVersion = 15.0.26124.0
Project("{2150E333-8FDC-42A3-9474-1A3956D46DE8}") = "src", "src", "{3550F6A2-FC49-4A99-883C-16F5187C2CFF}"
EndProject
Project("{FAE04EC0-301F-11D3-BF4B-00C04F79EFBC}") = "HelloCsharp", "src\HelloCsharp\HelloCsharp.csproj", "{AF0E92A2-80BC-40A2-9A25-3436DB811868}"
EndProject
Project("{2150E333-8FDC-42A3-9474-1A3956D46DE8}") = "tests", "tests", "{D00E14EC-19F2-4853-93CC-5038C6A2826C}"
EndProject
Project("{FAE04EC0-301F-11D3-BF4B-00C04F79EFBC}") = "HelloCsharpTests", "tests\HelloCsharpTests\HelloCsharpTests.csproj", "{424D75FF-209B-47C4-BFD0-EFC95DBC0C54}"
EndProject
Global
	GlobalSection(SolutionConfigurationPlatforms) = preSolution
		Debug|Any CPU = Debug|Any CPU
		Debug|x64 = Debug|x64
		Debug|x86 = Debug|x86
		Release|Any CPU = Release|Any CPU
		Release|x64 = Release|x64
		Release|x86 = Release|x86
	EndGlobalSection
	GlobalSection(SolutionProperties) = preSolution
		HideSolutionNode = FALSE
	EndGlobalSection
	GlobalSection(ProjectConfigurationPlatforms) = postSolution
		{AF0E92A2-80BC-40A2-9A25-3436DB811868}.Debug|Any CPU.ActiveCfg = Debug|Any CPU
		{AF0E92A2-80BC-40A2-9A25-3436DB811868}.Debug|Any CPU.Build.0 = Debug|Any CPU
		{AF0E92A2-80BC-40A2-9A25-3436DB811868}.Debug|x64.ActiveCfg = Debug|Any CPU
		{AF0E92A2-80BC-40A2-9A25-3436DB811868}.Debug|x64.Build.0 = Debug|Any CPU
		{AF0E92A2-80BC-40A2-9A25-3436DB811868}.Debug|x86.ActiveCfg = Debug|Any CPU
		{AF0E92A2-80BC-40A2-9A25-3436DB811868}.Debug|x86.Build.0 = Debug|Any CPU
		{AF0E92A2-80BC-40A2-9A25-3436DB811868}.Release|Any CPU.ActiveCfg = Release|Any CPU
		{AF0E92A2-80BC-40A2-9A25-3436DB811868}.Release|Any CPU.Build.0 = Release|Any CPU
		{AF0E92A2-80BC-40A2-9A25-3436DB811868}.Release|x64.ActiveCfg = Release|Any CPU
		{AF0E92A2-80BC-40A2-9A25-3436DB811868}.Release|x64.Build.0 = Release|Any CPU
		{AF0E92A2-80BC-40A2-9A25-3436DB811868}.Release|x86.ActiveCfg = Release|Any CPU
		{AF0E92A2-80BC-40A2-9A25-3436DB811868}.Release|x86.Build.0 = Release|Any CPU
		{424D75FF-209B-47C4-BFD0-EFC95DBC0C54}.Debug|Any CPU.ActiveCfg = Debug|Any CPU
		{424D75FF-209B-47C4-BFD0-EFC95DBC0C54}.Debug|Any CPU.Build.0 = Debug|Any CPU
		{424D75FF-209B-47C4-BFD0-EFC95DBC0C54}.Debug|x64.ActiveCfg = Debug|Any CPU
		{424D75FF-209B-47C4-BFD0-EFC95DBC0C54}.Debug|x64.Build.0 = Debug|Any CPU
		{424D75FF-209B-47C4-BFD0-EFC95DBC0C54}.Debug|x86.ActiveCfg = Debug|Any CPU
		{424D75FF-209B-47C4-BFD0-EFC95DBC0C54}.Debug|x86.Build.0 = Debug|Any CPU
		{424D75FF-209B-47C4-BFD0-EFC95DBC0C54}.Release|Any CPU.ActiveCfg = Release|Any CPU
		{424D75FF-209B-47C4-BFD0-EFC95DBC0C54}.Release|Any CPU.Build.0 = Release|Any CPU
		{424D75FF-209B-47C4-BFD0-EFC95DBC0C54}.Release|x64.ActiveCfg = Release|Any CPU
		{424D75FF-209B-47C4-BFD0-EFC95DBC0C54}.Release|x64.Build.0 = Release|Any CPU
		{424D75FF-209B-47C4-BFD0-EFC95DBC0C54}.Release|x86.ActiveCfg = Release|Any CPU
		{424D75FF-209B-47C4-BFD0-EFC95DBC0C54}.Release|x86.Build.0 = Release|Any CPU
	EndGlobalSection
	GlobalSection(NestedProjects) = preSolution
		{AF0E92A2-80BC-40A2-9A25-3436DB811868} = {3550F6A2-FC49-4A99-883C-16F5187C2CFF}
		{424D75FF-209B-47C4-BFD0-EFC95DBC0C54} = {D00E14EC-19F2-4853-93CC-5038C6A2826C}
	EndGlobalSection
EndGlobal
